
set_global_assignment -name FAMILY "Cyclone V"
set_global_assignment -name DEVICE 5CGXFC4C7F27C8
set_global_assignment -name ORIGINAL_QUARTUS_VERSION 17.0.0
set_global_assignment -name LAST_QUARTUS_VERSION "17.0.0 Lite Edition"

set_global_assignment -name TOP_LEVEL_ENTITY main
set_global_assignment -name PROJECT_OUTPUT_DIRECTORY OUTPUT
set_global_assignment -name NUM_PARALLEL_PROCESSORS ALL
set_global_assignment -name FITTER_EFFORT "STANDARD FIT"
set_global_assignment -name PRE_FLOW_SCRIPT_FILE "quartus_sh:project_version.tcl"
set_global_assignment -name POST_FLOW_SCRIPT_FILE "quartus_sh:post_flow.tcl"

set_global_assignment -name SYSTEMVERILOG_FILE main.sv
set_global_assignment -name SYSTEMVERILOG_FILE dynamic_delay.sv
set_global_assignment -name SDC_FILE main.sdc

set_global_assignment -name PARTITION_NETLIST_TYPE SOURCE -section_id Top
set_global_assignment -name PARTITION_FITTER_PRESERVATION_LEVEL PLACEMENT_AND_ROUTING -section_id Top
set_global_assignment -name PARTITION_COLOR 16764057 -section_id Top




set_instance_assignment -name PARTITION_HIERARCHY root_partition -to | -section_id Top
